
Microsoft Visual Studio Solution File, Format Version 12.00
# Visual Studio 15
VisualStudioVersion = 15.0.28010.2050
MinimumVisualStudioVersion = 10.0.40219.1
Project("{FAE04EC0-301F-11D3-BF4B-00C04F79EFBC}") = "EpicByteApi", "EpicByteApi\EpicByteApi.csproj", "{DDA2AE1D-A62D-485A-A87A-58F6717558E9}"
EndProject
Global
	GlobalSection(SolutionConfigurationPlatforms) = preSolution
		Debug|Any CPU = Debug|Any CPU
		Release|Any CPU = Release|Any CPU
	EndGlobalSection
	GlobalSection(ProjectConfigurationPlatforms) = postSolution
		{DDA2AE1D-A62D-485A-A87A-58F6717558E9}.Debug|Any CPU.ActiveCfg = Debug|Any CPU
		{DDA2AE1D-A62D-485A-A87A-58F6717558E9}.Debug|Any CPU.Build.0 = Debug|Any CPU
		{DDA2AE1D-A62D-485A-A87A-58F6717558E9}.Release|Any CPU.ActiveCfg = Release|Any CPU
		{DDA2AE1D-A62D-485A-A87A-58F6717558E9}.Release|Any CPU.Build.0 = Release|Any CPU
	EndGlobalSection
	GlobalSection(SolutionProperties) = preSolution
		HideSolutionNode = FALSE
	EndGlobalSection
	GlobalSection(ExtensibilityGlobals) = postSolution
		SolutionGuid = {C1C50675-E01C-4099-9C66-DFA40D78A183}
	EndGlobalSection
EndGlobal
